
Microsoft Visual Studio Solution File, Format Version 12.00
# Visual Studio Version 17
VisualStudioVersion = 17.0.31903.59
MinimumVisualStudioVersion = 10.0.40219.1
Project("{FAE04EC0-301F-11D3-BF4B-00C04F79EFBC}") = "RealmOfDataStructures.Library", "RealmOfDataStructures.Library\RealmOfDataStructures.Library.csproj", "{8C857AFE-05E4-40A8-9D8E-55E9587237AD}"
EndProject
Project("{FAE04EC0-301F-11D3-BF4B-00C04F79EFBC}") = "RealmOfDataStructures.Console", "RealmOfDataStructures.Console\RealmOfDataStructures.Console.csproj", "{279AAE7F-DED2-4D32-919D-BBC2EC3BDF84}"
EndProject
Project("{FAE04EC0-301F-11D3-BF4B-00C04F79EFBC}") = "RealmOfDataStructures.Blazor", "RealmOfDataStructures.Blazor\RealmOfDataStructures.Blazor.csproj", "{C7AA2B79-C6A4-4FDF-9056-5DEA98105056}"
EndProject
Project("{FAE04EC0-301F-11D3-BF4B-00C04F79EFBC}") = "RealmOfDataStructures.Tests", "RealmOfDataStructures.Tests\RealmOfDataStructures.Tests.csproj", "{5A2237F9-F669-40F1-BDBF-51A93EC806F0}"
EndProject
Global
	GlobalSection(SolutionConfigurationPlatforms) = preSolution
		Debug|Any CPU = Debug|Any CPU
		Release|Any CPU = Release|Any CPU
	EndGlobalSection
	GlobalSection(SolutionProperties) = preSolution
		HideSolutionNode = FALSE
	EndGlobalSection
	GlobalSection(ProjectConfigurationPlatforms) = postSolution
		{8C857AFE-05E4-40A8-9D8E-55E9587237AD}.Debug|Any CPU.ActiveCfg = Debug|Any CPU
		{8C857AFE-05E4-40A8-9D8E-55E9587237AD}.Debug|Any CPU.Build.0 = Debug|Any CPU
		{8C857AFE-05E4-40A8-9D8E-55E9587237AD}.Release|Any CPU.ActiveCfg = Release|Any CPU
		{8C857AFE-05E4-40A8-9D8E-55E9587237AD}.Release|Any CPU.Build.0 = Release|Any CPU
		{279AAE7F-DED2-4D32-919D-BBC2EC3BDF84}.Debug|Any CPU.ActiveCfg = Debug|Any CPU
		{279AAE7F-DED2-4D32-919D-BBC2EC3BDF84}.Debug|Any CPU.Build.0 = Debug|Any CPU
		{279AAE7F-DED2-4D32-919D-BBC2EC3BDF84}.Release|Any CPU.ActiveCfg = Release|Any CPU
		{279AAE7F-DED2-4D32-919D-BBC2EC3BDF84}.Release|Any CPU.Build.0 = Release|Any CPU
		{C7AA2B79-C6A4-4FDF-9056-5DEA98105056}.Debug|Any CPU.ActiveCfg = Debug|Any CPU
		{C7AA2B79-C6A4-4FDF-9056-5DEA98105056}.Debug|Any CPU.Build.0 = Debug|Any CPU
		{C7AA2B79-C6A4-4FDF-9056-5DEA98105056}.Release|Any CPU.ActiveCfg = Release|Any CPU
		{C7AA2B79-C6A4-4FDF-9056-5DEA98105056}.Release|Any CPU.Build.0 = Release|Any CPU
		{5A2237F9-F669-40F1-BDBF-51A93EC806F0}.Debug|Any CPU.ActiveCfg = Debug|Any CPU
		{5A2237F9-F669-40F1-BDBF-51A93EC806F0}.Debug|Any CPU.Build.0 = Debug|Any CPU
		{5A2237F9-F669-40F1-BDBF-51A93EC806F0}.Release|Any CPU.ActiveCfg = Release|Any CPU
		{5A2237F9-F669-40F1-BDBF-51A93EC806F0}.Release|Any CPU.Build.0 = Release|Any CPU
	EndGlobalSection
EndGlobal
